Microsoft Visual Studio Solution File, Format Version 12.00
# Visual Studio Version 17
VisualStudioVersion = 17.5.2.0
MinimumVisualStudioVersion = 10.0.40219.1
Project("{FAE04EC0-301F-11D3-BF4B-00C04F79EFBC}") = "web-app", "web-app\web-app.csproj", "{32A69001-152E-322E-41ED-739B6C96CB1D}"
EndProject
Project("{FAE04EC0-301F-11D3-BF4B-00C04F79EFBC}") = "library-management-web-app", "library-management-web-app\library-management-web-app.csproj", "{A4A37E0A-8400-481B-824F-8B1673E6FD1B}"
EndProject
Project("{2150E333-8FDC-42A3-9474-1A3956D46DE8}") = "src", "src", "{827E0CD3-B72D-47B6-A68D-7590B98EB39B}"
EndProject
Project("{FAE04EC0-301F-11D3-BF4B-00C04F79EFBC}") = "web-app", "src\web-app\web-app.csproj", "{F0432D3F-AC65-6906-F165-198B540E8EDE}"
EndProject
Global
	GlobalSection(SolutionConfigurationPlatforms) = preSolution
		Debug|Any CPU = Debug|Any CPU
		Release|Any CPU = Release|Any CPU
	EndGlobalSection
	GlobalSection(ProjectConfigurationPlatforms) = postSolution
		{32A69001-152E-322E-41ED-739B6C96CB1D}.Debug|Any CPU.ActiveCfg = Debug|Any CPU
		{32A69001-152E-322E-41ED-739B6C96CB1D}.Debug|Any CPU.Build.0 = Debug|Any CPU
		{32A69001-152E-322E-41ED-739B6C96CB1D}.Release|Any CPU.ActiveCfg = Release|Any CPU
		{32A69001-152E-322E-41ED-739B6C96CB1D}.Release|Any CPU.Build.0 = Release|Any CPU
		{A4A37E0A-8400-481B-824F-8B1673E6FD1B}.Debug|Any CPU.ActiveCfg = Debug|Any CPU
		{A4A37E0A-8400-481B-824F-8B1673E6FD1B}.Debug|Any CPU.Build.0 = Debug|Any CPU
		{A4A37E0A-8400-481B-824F-8B1673E6FD1B}.Release|Any CPU.ActiveCfg = Release|Any CPU
		{A4A37E0A-8400-481B-824F-8B1673E6FD1B}.Release|Any CPU.Build.0 = Release|Any CPU
		{F0432D3F-AC65-6906-F165-198B540E8EDE}.Debug|Any CPU.ActiveCfg = Debug|Any CPU
		{F0432D3F-AC65-6906-F165-198B540E8EDE}.Debug|Any CPU.Build.0 = Debug|Any CPU
		{F0432D3F-AC65-6906-F165-198B540E8EDE}.Release|Any CPU.ActiveCfg = Release|Any CPU
		{F0432D3F-AC65-6906-F165-198B540E8EDE}.Release|Any CPU.Build.0 = Release|Any CPU
	EndGlobalSection
	GlobalSection(SolutionProperties) = preSolution
		HideSolutionNode = FALSE
	EndGlobalSection
	GlobalSection(NestedProjects) = preSolution
		{F0432D3F-AC65-6906-F165-198B540E8EDE} = {827E0CD3-B72D-47B6-A68D-7590B98EB39B}
	EndGlobalSection
	GlobalSection(ExtensibilityGlobals) = postSolution
		SolutionGuid = {A21B4AC5-FD22-48A7-93BF-FF7A2EF87962}
	EndGlobalSection
EndGlobal
